PODS:
  - AppAuth (1.4.0):
    - AppAuth/Core (= 1.4.0)
    - AppAuth/ExternalUserAgent (= 1.4.0)
  - AppAuth/Core (1.4.0)
  - AppAuth/ExternalUserAgent (1.4.0)
  - GoogleSignIn (5.0.2):
    - AppAuth (~> 1.2)
    - GTMAppAuth (~> 1.0)
    - GTMSessionFetcher/Core (~> 1.1)
  - GTMAppAuth (1.2.2):
    - AppAuth/Core (~> 1.4)
    - GTMSessionFetcher/Core (~> 1.5)
  - GTMSessionFetcher/Core (1.5.0)
  - Kingfisher/Core (5.15.8)
  - Kingfisher/SwiftUI (5.15.8):
    - Kingfisher/Core
  - NwadFramework (0.0.1)
  - ReachabilitySwift (5.0.0)
  - SwiftLint (0.39.2)
  - Trikot.http (1.0.1):
    - NwadFramework
    - ReachabilitySwift (~> 5.0)
  - Trikot.kword (0.0.1):
    - NwadFramework
  - Trikot.streams (0.0.1):
    - NwadFramework
    - Trikot.streams/streams (= 0.0.1)
  - Trikot.streams/streams (0.0.1):
    - NwadFramework
  - Trikot.viewmodels.declarative (0.0.1):
    - NwadFramework
    - Trikot.streams

DEPENDENCIES:
  - GoogleSignIn
  - Kingfisher/SwiftUI (~> 5.0)
  - NwadFramework (from `../common`)
  - SwiftLint
  - "Trikot.http (from `git@github.com:mirego/trikot.http.git`, tag `2.0.2`)"
  - "Trikot.kword (from `git@github.com:mirego/trikot.kword.git`, tag `2.0.1`)"
  - "Trikot.streams (from `git@github.com:mirego/trikot.streams.git`, tag `2.0.6`)"
  - "Trikot.viewmodels.declarative (from `git@github.com:mirego/trikot.viewmodels.declarative.git`, commit `b2916c2a7fbb394b2af194d29f1d5ca4eef209d6`)"

SPEC REPOS:
  trunk:
    - AppAuth
    - GoogleSignIn
    - GTMAppAuth
    - GTMSessionFetcher
    - Kingfisher
    - ReachabilitySwift
    - SwiftLint

EXTERNAL SOURCES:
  NwadFramework:
    :path: "../common"
  Trikot.http:
    :git: "git@github.com:mirego/trikot.http.git"
    :tag: 2.0.2
  Trikot.kword:
    :git: "git@github.com:mirego/trikot.kword.git"
    :tag: 2.0.1
  Trikot.streams:
    :git: "git@github.com:mirego/trikot.streams.git"
    :tag: 2.0.6
  Trikot.viewmodels.declarative:
    :commit: b2916c2a7fbb394b2af194d29f1d5ca4eef209d6
    :git: "git@github.com:mirego/trikot.viewmodels.declarative.git"

CHECKOUT OPTIONS:
  Trikot.http:
    :git: "git@github.com:mirego/trikot.http.git"
    :tag: 2.0.2
  Trikot.kword:
    :git: "git@github.com:mirego/trikot.kword.git"
    :tag: 2.0.1
  Trikot.streams:
    :git: "git@github.com:mirego/trikot.streams.git"
    :tag: 2.0.6
  Trikot.viewmodels.declarative:
    :commit: b2916c2a7fbb394b2af194d29f1d5ca4eef209d6
    :git: "git@github.com:mirego/trikot.viewmodels.declarative.git"

SPEC CHECKSUMS:
  AppAuth: 31bcec809a638d7bd2f86ea8a52bd45f6e81e7c7
  GoogleSignIn: 7137d297ddc022a7e0aa4619c86d72c909fa7213
  GTMAppAuth: ad5c2b70b9a8689e1a04033c9369c4915bfcbe89
  GTMSessionFetcher: b3503b20a988c4e20cc189aa798fd18220133f52
  Kingfisher: a3c03d702433fa6cfedabb2bddbe076fb8f2e902
  NwadFramework: 1e77f1d318e6d2b2888fc30f82bb27803f043e75
  ReachabilitySwift: 985039c6f7b23a1da463388634119492ff86c825
  SwiftLint: 22ccbbe3b8008684be5955693bab135e0ed6a447
  Trikot.http: be70d95bb01aeffe67bacffa390f08da8a6e63b0
  Trikot.kword: bc8033935583fd37d18673f6e13d98735995597e
  Trikot.streams: 4c3e75d175ee2c5c611cc941cfcdf3c8a34781a2
  Trikot.viewmodels.declarative: 61324e4b117eb020e4a849a64805178dd59df589

PODFILE CHECKSUM: 417f4ffb299f58b03fc1fe3bd06d16fdbbe7727f

COCOAPODS: 1.10.1
